// !$*UTF8*$!
{
	archiveVersion = 1;
	classes = {
	};
	objectVersion = 55;
	objects = {

/* Begin PBXBuildFile section */
		ABD5EFC327D17929005412CC /* AppDelegate.swift in Sources */ = {isa = PBXBuildFile; fileRef = ABD5EFC227D17929005412CC /* AppDelegate.swift */; };
		ABD5EFC527D17929005412CC /* SceneDelegate.swift in Sources */ = {isa = PBXBuildFile; fileRef = ABD5EFC427D17929005412CC /* SceneDelegate.swift */; };
		ABD5EFC727D17929005412CC /* ViewController.swift in Sources */ = {isa = PBXBuildFile; fileRef = ABD5EFC627D17929005412CC /* ViewController.swift */; };
		ABD5EFCA27D17929005412CC /* Main.storyboard in Resources */ = {isa = PBXBuildFile; fileRef = ABD5EFC827D17929005412CC /* Main.storyboard */; };
		ABD5EFCC27D1792A005412CC /* Assets.xcassets in Resources */ = {isa = PBXBuildFile; fileRef = ABD5EFCB27D1792A005412CC /* Assets.xcassets */; };
		ABD5EFCF27D1792A005412CC /* LaunchScreen.storyboard in Resources */ = {isa = PBXBuildFile; fileRef = ABD5EFCD27D1792A005412CC /* LaunchScreen.storyboard */; };
		ABD5EFDA27D1792A005412CC /* RxSwiftDemoTests.swift in Sources */ = {isa = PBXBuildFile; fileRef = ABD5EFD927D1792A005412CC /* RxSwiftDemoTests.swift */; };
		ABD5EFE427D1792A005412CC /* RxSwiftDemoUITests.swift in Sources */ = {isa = PBXBuildFile; fileRef = ABD5EFE327D1792A005412CC /* RxSwiftDemoUITests.swift */; };
		ABD5EFE627D1792A005412CC /* RxSwiftDemoUITestsLaunchTests.swift in Sources */ = {isa = PBXBuildFile; fileRef = ABD5EFE527D1792A005412CC /* RxSwiftDemoUITestsLaunchTests.swift */; };
/* End PBXBuildFile section */

/* Begin PBXContainerItemProxy section */
		ABD5EFD627D1792A005412CC /* PBXContainerItemProxy */ = {
			isa = PBXContainerItemProxy;
			containerPortal = ABD5EFB727D17929005412CC /* Project object */;
			proxyType = 1;
			remoteGlobalIDString = ABD5EFBE27D17929005412CC;
			remoteInfo = RxSwiftDemo;
		};
		ABD5EFE027D1792A005412CC /* PBXContainerItemProxy */ = {
			isa = PBXContainerItemProxy;
			containerPortal = ABD5EFB727D17929005412CC /* Project object */;
			proxyType = 1;
			remoteGlobalIDString = ABD5EFBE27D17929005412CC;
			remoteInfo = RxSwiftDemo;
		};
/* End PBXContainerItemProxy section */

/* Begin PBXFileReference section */
		ABD5EFBF27D17929005412CC /* RxSwiftDemo.app */ = {isa = PBXFileReference; explicitFileType = wrapper.application; includeInIndex = 0; path = RxSwiftDemo.app; sourceTree = BUILT_PRODUCTS_DIR; };
		ABD5EFC227D17929005412CC /* AppDelegate.swift */ = {isa = PBXFileReference; lastKnownFileType = sourcecode.swift; path = AppDelegate.swift; sourceTree = "<group>"; };
		ABD5EFC427D17929005412CC /* SceneDelegate.swift */ = {isa = PBXFileReference; lastKnownFileType = sourcecode.swift; path = SceneDelegate.swift; sourceTree = "<group>"; };
		ABD5EFC627D17929005412CC /* ViewController.swift */ = {isa = PBXFileReference; lastKnownFileType = sourcecode.swift; path = ViewController.swift; sourceTree = "<group>"; };
		ABD5EFC927D17929005412CC /* Base */ = {isa = PBXFileReference; lastKnownFileType = file.storyboard; name = Base; path = Base.lproj/Main.storyboard; sourceTree = "<group>"; };
		ABD5EFCB27D1792A005412CC /* Assets.xcassets */ = {isa = PBXFileReference; lastKnownFileType = folder.assetcatalog; path = Assets.xcassets; sourceTree = "<group>"; };
		ABD5EFCE27D1792A005412CC /* Base */ = {isa = PBXFileReference; lastKnownFileType = file.storyboard; name = Base; path = Base.lproj/LaunchScreen.storyboard; sourceTree = "<group>"; };
		ABD5EFD027D1792A005412CC /* Info.plist */ = {isa = PBXFileReference; lastKnownFileType = text.plist.xml; path = Info.plist; sourceTree = "<group>"; };
		ABD5EFD527D1792A005412CC /* RxSwiftDemoTests.xctest */ = {isa = PBXFileReference; explicitFileType = wrapper.cfbundle; includeInIndex = 0; path = RxSwiftDemoTests.xctest; sourceTree = BUILT_PRODUCTS_DIR; };
		ABD5EFD927D1792A005412CC /* RxSwiftDemoTests.swift */ = {isa = PBXFileReference; lastKnownFileType = sourcecode.swift; path = RxSwiftDemoTests.swift; sourceTree = "<group>"; };
		ABD5EFDF27D1792A005412CC /* RxSwiftDemoUITests.xctest */ = {isa = PBXFileReference; explicitFileType = wrapper.cfbundle; includeInIndex = 0; path = RxSwiftDemoUITests.xctest; sourceTree = BUILT_PRODUCTS_DIR; };
		ABD5EFE327D1792A005412CC /* RxSwiftDemoUITests.swift */ = {isa = PBXFileReference; lastKnownFileType = sourcecode.swift; path = RxSwiftDemoUITests.swift; sourceTree = "<group>"; };
		ABD5EFE527D1792A005412CC /* RxSwiftDemoUITestsLaunchTests.swift */ = {isa = PBXFileReference; lastKnownFileType = sourcecode.swift; path = RxSwiftDemoUITestsLaunchTests.swift; sourceTree = "<group>"; };
/* End PBXFileReference section */

/* Begin PBXFrameworksBuildPhase section */
		ABD5EFBC27D17929005412CC /* Frameworks */ = {
			isa = PBXFrameworksBuildPhase;
			buildActionMask = 2147483647;
			files = (
			);
			runOnlyForDeploymentPostprocessing = 0;
		};
		ABD5EFD227D1792A005412CC /* Frameworks */ = {
			isa = PBXFrameworksBuildPhase;
			buildActionMask = 2147483647;
			files = (
			);
			runOnlyForDeploymentPostprocessing = 0;
		};
		ABD5EFDC27D1792A005412CC /* Frameworks */ = {
			isa = PBXFrameworksBuildPhase;
			buildActionMask = 2147483647;
			files = (
			);
			runOnlyForDeploymentPostprocessing = 0;
		};
/* End PBXFrameworksBuildPhase section */

/* Begin PBXGroup section */
		ABD5EFB627D17929005412CC = {
			isa = PBXGroup;
			children = (
				ABD5EFC127D17929005412CC /* RxSwiftDemo */,
				ABD5EFD827D1792A005412CC /* RxSwiftDemoTests */,
				ABD5EFE227D1792A005412CC /* RxSwiftDemoUITests */,
				ABD5EFC027D17929005412CC /* Products */,
			);
			sourceTree = "<group>";
		};
		ABD5EFC027D17929005412CC /* Products */ = {
			isa = PBXGroup;
			children = (
				ABD5EFBF27D17929005412CC /* RxSwiftDemo.app */,
				ABD5EFD527D1792A005412CC /* RxSwiftDemoTests.xctest */,
				ABD5EFDF27D1792A005412CC /* RxSwiftDemoUITests.xctest */,
			);
			name = Products;
			sourceTree = "<group>";
		};
		ABD5EFC127D17929005412CC /* RxSwiftDemo */ = {
			isa = PBXGroup;
			children = (
				ABD5EFC227D17929005412CC /* AppDelegate.swift */,
				ABD5EFC427D17929005412CC /* SceneDelegate.swift */,
				ABD5EFC627D17929005412CC /* ViewController.swift */,
				ABD5EFC827D17929005412CC /* Main.storyboard */,
				ABD5EFCB27D1792A005412CC /* Assets.xcassets */,
				ABD5EFCD27D1792A005412CC /* LaunchScreen.storyboard */,
				ABD5EFD027D1792A005412CC /* Info.plist */,
			);
			path = RxSwiftDemo;
			sourceTree = "<group>";
		};
		ABD5EFD827D1792A005412CC /* RxSwiftDemoTests */ = {
			isa = PBXGroup;
			children = (
				ABD5EFD927D1792A005412CC /* RxSwiftDemoTests.swift */,
			);
			path = RxSwiftDemoTests;
			sourceTree = "<group>";
		};
		ABD5EFE227D1792A005412CC /* RxSwiftDemoUITests */ = {
			isa = PBXGroup;
			children = (
				ABD5EFE327D1792A005412CC /* RxSwiftDemoUITests.swift */,
				ABD5EFE527D1792A005412CC /* RxSwiftDemoUITestsLaunchTests.swift */,
			);
			path = RxSwiftDemoUITests;
			sourceTree = "<group>";
		};
/* End PBXGroup section */

/* Begin PBXNativeTarget section */
		ABD5EFBE27D17929005412CC /* RxSwiftDemo */ = {
			isa = PBXNativeTarget;
			buildConfigurationList = ABD5EFE927D1792A005412CC /* Build configuration list for PBXNativeTarget "RxSwiftDemo" */;
			buildPhases = (
				ABD5EFBB27D17929005412CC /* Sources */,
				ABD5EFBC27D17929005412CC /* Frameworks */,
				ABD5EFBD27D17929005412CC /* Resources */,
			);
			buildRules = (
			);
			dependencies = (
			);
			name = RxSwiftDemo;
			productName = RxSwiftDemo;
			productReference = ABD5EFBF27D17929005412CC /* RxSwiftDemo.app */;
			productType = "com.apple.product-type.application";
		};
		ABD5EFD427D1792A005412CC /* RxSwiftDemoTests */ = {
			isa = PBXNativeTarget;
			buildConfigurationList = ABD5EFEC27D1792A005412CC /* Build configuration list for PBXNativeTarget "RxSwiftDemoTests" */;
			buildPhases = (
				ABD5EFD127D1792A005412CC /* Sources */,
				ABD5EFD227D1792A005412CC /* Frameworks */,
				ABD5EFD327D1792A005412CC /* Resources */,
			);
			buildRules = (
			);
			dependencies = (
				ABD5EFD727D1792A005412CC /* PBXTargetDependency */,
			);
			name = RxSwiftDemoTests;
			productName = RxSwiftDemoTests;
			productReference = ABD5EFD527D1792A005412CC /* RxSwiftDemoTests.xctest */;
			productType = "com.apple.product-type.bundle.unit-test";
		};
		ABD5EFDE27D1792A005412CC /* RxSwiftDemoUITests */ = {
			isa = PBXNativeTarget;
			buildConfigurationList = ABD5EFEF27D1792A005412CC /* Build configuration list for PBXNativeTarget "RxSwiftDemoUITests" */;
			buildPhases = (
				ABD5EFDB27D1792A005412CC /* Sources */,
				ABD5EFDC27D1792A005412CC /* Frameworks */,
				ABD5EFDD27D1792A005412CC /* Resources */,
			);
			buildRules = (
			);
			dependencies = (
				ABD5EFE127D1792A005412CC /* PBXTargetDependency */,
			);
			name = RxSwiftDemoUITests;
			productName = RxSwiftDemoUITests;
			productReference = ABD5EFDF27D1792A005412CC /* RxSwiftDemoUITests.xctest */;
			productType = "com.apple.product-type.bundle.ui-testing";
		};
/* End PBXNativeTarget section */

/* Begin PBXProject section */
		ABD5EFB727D17929005412CC /* Project object */ = {
			isa = PBXProject;
			attributes = {
				BuildIndependentTargetsInParallel = 1;
				LastSwiftUpdateCheck = 1320;
				LastUpgradeCheck = 1320;
				TargetAttributes = {
					ABD5EFBE27D17929005412CC = {
						CreatedOnToolsVersion = 13.2.1;
					};
					ABD5EFD427D1792A005412CC = {
						CreatedOnToolsVersion = 13.2.1;
						TestTargetID = ABD5EFBE27D17929005412CC;
					};
					ABD5EFDE27D1792A005412CC = {
						CreatedOnToolsVersion = 13.2.1;
						TestTargetID = ABD5EFBE27D17929005412CC;
					};
				};
			};
			buildConfigurationList = ABD5EFBA27D17929005412CC /* Build configuration list for PBXProject "RxSwiftDemo" */;
			compatibilityVersion = "Xcode 13.0";
			developmentRegion = en;
			hasScannedForEncodings = 0;
			knownRegions = (
				en,
				Base,
			);
			mainGroup = ABD5EFB627D17929005412CC;
			productRefGroup = ABD5EFC027D17929005412CC /* Products */;
			projectDirPath = "";
			projectRoot = "";
			targets = (
				ABD5EFBE27D17929005412CC /* RxSwiftDemo */,
				ABD5EFD427D1792A005412CC /* RxSwiftDemoTests */,
				ABD5EFDE27D1792A005412CC /* RxSwiftDemoUITests */,
			);
		};
/* End PBXProject section */

/* Begin PBXResourcesBuildPhase section */
		ABD5EFBD27D17929005412CC /* Resources */ = {
			isa = PBXResourcesBuildPhase;
			buildActionMask = 2147483647;
			files = (
				ABD5EFCF27D1792A005412CC /* LaunchScreen.storyboard in Resources */,
				ABD5EFCC27D1792A005412CC /* Assets.xcassets in Resources */,
				ABD5EFCA27D17929005412CC /* Main.storyboard in Resources */,
			);
			runOnlyForDeploymentPostprocessing = 0;
		};
		ABD5EFD327D1792A005412CC /* Resources */ = {
			isa = PBXResourcesBuildPhase;
			buildActionMask = 2147483647;
			files = (
			);
			runOnlyForDeploymentPostprocessing = 0;
		};
		ABD5EFDD27D1792A005412CC /* Resources */ = {
			isa = PBXResourcesBuildPhase;
			buildActionMask = 2147483647;
			files = (
			);
			runOnlyForDeploymentPostprocessing = 0;
		};
/* End PBXResourcesBuildPhase section */

/* Begin PBXSourcesBuildPhase section */
		ABD5EFBB27D17929005412CC /* Sources */ = {
			isa = PBXSourcesBuildPhase;
			buildActionMask = 2147483647;
			files = (
				ABD5EFC727D17929005412CC /* ViewController.swift in Sources */,
				ABD5EFC327D17929005412CC /* AppDelegate.swift in Sources */,
				ABD5EFC527D17929005412CC /* SceneDelegate.swift in Sources */,
			);
			runOnlyForDeploymentPostprocessing = 0;
		};
		ABD5EFD127D1792A005412CC /* Sources */ = {
			isa = PBXSourcesBuildPhase;
			buildActionMask = 2147483647;
			files = (
				ABD5EFDA27D1792A005412CC /* RxSwiftDemoTests.swift in Sources */,
			);
			runOnlyForDeploymentPostprocessing = 0;
		};
		ABD5EFDB27D1792A005412CC /* Sources */ = {
			isa = PBXSourcesBuildPhase;
			buildActionMask = 2147483647;
			files = (
				ABD5EFE427D1792A005412CC /* RxSwiftDemoUITests.swift in Sources */,
				ABD5EFE627D1792A005412CC /* RxSwiftDemoUITestsLaunchTests.swift in Sources */,
			);
			runOnlyForDeploymentPostprocessing = 0;
		};
/* End PBXSourcesBuildPhase section */

/* Begin PBXTargetDependency section */
		ABD5EFD727D1792A005412CC /* PBXTargetDependency */ = {
			isa = PBXTargetDependency;
			target = ABD5EFBE27D17929005412CC /* RxSwiftDemo */;
			targetProxy = ABD5EFD627D1792A005412CC /* PBXContainerItemProxy */;
		};
		ABD5EFE127D1792A005412CC /* PBXTargetDependency */ = {
			isa = PBXTargetDependency;
			target = ABD5EFBE27D17929005412CC /* RxSwiftDemo */;
			targetProxy = ABD5EFE027D1792A005412CC /* PBXContainerItemProxy */;
		};
/* End PBXTargetDependency section */

/* Begin PBXVariantGroup section */
		ABD5EFC827D17929005412CC /* Main.storyboard */ = {
			isa = PBXVariantGroup;
			children = (
				ABD5EFC927D17929005412CC /* Base */,
			);
			name = Main.storyboard;
			sourceTree = "<group>";
		};
		ABD5EFCD27D1792A005412CC /* LaunchScreen.storyboard */ = {
			isa = PBXVariantGroup;
			children = (
				ABD5EFCE27D1792A005412CC /* Base */,
			);
			name = LaunchScreen.storyboard;
			sourceTree = "<group>";
		};
/* End PBXVariantGroup section */

/* Begin XCBuildConfiguration section */
		ABD5EFE727D1792A005412CC /* Debug */ = {
			isa = XCBuildConfiguration;
			buildSettings = {
				ALWAYS_SEARCH_USER_PATHS = NO;
				CLANG_ANALYZER_NONNULL = YES;
				CLANG_ANALYZER_NUMBER_OBJECT_CONVERSION = YES_AGGRESSIVE;
				CLANG_CXX_LANGUAGE_STANDARD = "gnu++17";
				CLANG_CXX_LIBRARY = "libc++";
				CLANG_ENABLE_MODULES = YES;
				CLANG_ENABLE_OBJC_ARC = YES;
				CLANG_ENABLE_OBJC_WEAK = YES;
				CLANG_WARN_BLOCK_CAPTURE_AUTORELEASING = YES;
				CLANG_WARN_BOOL_CONVERSION = YES;
				CLANG_WARN_COMMA = YES;
				CLANG_WARN_CONSTANT_CONVERSION = YES;
				CLANG_WARN_DEPRECATED_OBJC_IMPLEMENTATIONS = YES;
				CLANG_WARN_DIRECT_OBJC_ISA_USAGE = YES_ERROR;
				CLANG_WARN_DOCUMENTATION_COMMENTS = YES;
				CLANG_WARN_EMPTY_BODY = YES;
				CLANG_WARN_ENUM_CONVERSION = YES;
				CLANG_WARN_INFINITE_RECURSION = YES;
				CLANG_WARN_INT_CONVERSION = YES;
				CLANG_WARN_NON_LITERAL_NULL_CONVERSION = YES;
				CLANG_WARN_OBJC_IMPLICIT_RETAIN_SELF = YES;
				CLANG_WARN_OBJC_LITERAL_CONVERSION = YES;
				CLANG_WARN_OBJC_ROOT_CLASS = YES_ERROR;
				CLANG_WARN_QUOTED_INCLUDE_IN_FRAMEWORK_HEADER = YES;
				CLANG_WARN_RANGE_LOOP_ANALYSIS = YES;
				CLANG_WARN_STRICT_PROTOTYPES = YES;
				CLANG_WARN_SUSPICIOUS_MOVE = YES;
				CLANG_WARN_UNGUARDED_AVAILABILITY = YES_AGGRESSIVE;
				CLANG_WARN_UNREACHABLE_CODE = YES;
				CLANG_WARN__DUPLICATE_METHOD_MATCH = YES;
				COPY_PHASE_STRIP = NO;
				DEBUG_INFORMATION_FORMAT = dwarf;
				ENABLE_STRICT_OBJC_MSGSEND = YES;
				ENABLE_TESTABILITY = YES;
				GCC_C_LANGUAGE_STANDARD = gnu11;
				GCC_DYNAMIC_NO_PIC = NO;
				GCC_NO_COMMON_BLOCKS = YES;
				GCC_OPTIMIZATION_LEVEL = 0;
				GCC_PREPROCESSOR_DEFINITIONS = (
					"DEBUG=1",
					"$(inherited)",
				);
				GCC_WARN_64_TO_32_BIT_CONVERSION = YES;
				GCC_WARN_ABOUT_RETURN_TYPE = YES_ERROR;
				GCC_WARN_UNDECLARED_SELECTOR = YES;
				GCC_WARN_UNINITIALIZED_AUTOS = YES_AGGRESSIVE;
				GCC_WARN_UNUSED_FUNCTION = YES;
				GCC_WARN_UNUSED_VARIABLE = YES;
				IPHONEOS_DEPLOYMENT_TARGET = 15.2;
				MTL_ENABLE_DEBUG_INFO = INCLUDE_SOURCE;
				MTL_FAST_MATH = YES;
				ONLY_ACTIVE_ARCH = YES;
				SDKROOT = iphoneos;
				SWIFT_ACTIVE_COMPILATION_CONDITIONS = DEBUG;
				SWIFT_OPTIMIZATION_LEVEL = "-Onone";
			};
			name = Debug;
		};
		ABD5EFE827D1792A005412CC /* Release */ = {
			isa = XCBuildConfiguration;
			buildSettings = {
				ALWAYS_SEARCH_USER_PATHS = NO;
				CLANG_ANALYZER_NONNULL = YES;
				CLANG_ANALYZER_NUMBER_OBJECT_CONVERSION = YES_AGGRESSIVE;
				CLANG_CXX_LANGUAGE_STANDARD = "gnu++17";
				CLANG_CXX_LIBRARY = "libc++";
				CLANG_ENABLE_MODULES = YES;
				CLANG_ENABLE_OBJC_ARC = YES;
				CLANG_ENABLE_OBJC_WEAK = YES;
				CLANG_WARN_BLOCK_CAPTURE_AUTORELEASING = YES;
				CLANG_WARN_BOOL_CONVERSION = YES;
				CLANG_WARN_COMMA = YES;
				CLANG_WARN_CONSTANT_CONVERSION = YES;
				CLANG_WARN_DEPRECATED_OBJC_IMPLEMENTATIONS = YES;
				CLANG_WARN_DIRECT_OBJC_ISA_USAGE = YES_ERROR;
				CLANG_WARN_DOCUMENTATION_COMMENTS = YES;
				CLANG_WARN_EMPTY_BODY = YES;
				CLANG_WARN_ENUM_CONVERSION = YES;
				CLANG_WARN_INFINITE_RECURSION = YES;
				CLANG_WARN_INT_CONVERSION = YES;
				CLANG_WARN_NON_LITERAL_NULL_CONVERSION = YES;
				CLANG_WARN_OBJC_IMPLICIT_RETAIN_SELF = YES;
				CLANG_WARN_OBJC_LITERAL_CONVERSION = YES;
				CLANG_WARN_OBJC_ROOT_CLASS = YES_ERROR;
				CLANG_WARN_QUOTED_INCLUDE_IN_FRAMEWORK_HEADER = YES;
				CLANG_WARN_RANGE_LOOP_ANALYSIS = YES;
				CLANG_WARN_STRICT_PROTOTYPES = YES;
				CLANG_WARN_SUSPICIOUS_MOVE = YES;
				CLANG_WARN_UNGUARDED_AVAILABILITY = YES_AGGRESSIVE;
				CLANG_WARN_UNREACHABLE_CODE = YES;
				CLANG_WARN__DUPLICATE_METHOD_MATCH = YES;
				COPY_PHASE_STRIP = NO;
				DEBUG_INFORMATION_FORMAT = "dwarf-with-dsym";
				ENABLE_NS_ASSERTIONS = NO;
				ENABLE_STRICT_OBJC_MSGSEND = YES;
				GCC_C_LANGUAGE_STANDARD = gnu11;
				GCC_NO_COMMON_BLOCKS = YES;
				GCC_WARN_64_TO_32_BIT_CONVERSION = YES;
				GCC_WARN_ABOUT_RETURN_TYPE = YES_ERROR;
				GCC_WARN_UNDECLARED_SELECTOR = YES;
				GCC_WARN_UNINITIALIZED_AUTOS = YES_AGGRESSIVE;
				GCC_WARN_UNUSED_FUNCTION = YES;
				GCC_WARN_UNUSED_VARIABLE = YES;
				IPHONEOS_DEPLOYMENT_TARGET = 15.2;
				MTL_ENABLE_DEBUG_INFO = NO;
				MTL_FAST_MATH = YES;
				SDKROOT = iphoneos;
				SWIFT_COMPILATION_MODE = wholemodule;
				SWIFT_OPTIMIZATION_LEVEL = "-O";
				VALIDATE_PRODUCT = YES;
			};
			name = Release;
		};
		ABD5EFEA27D1792A005412CC /* Debug */ = {
			isa = XCBuildConfiguration;
			buildSettings = {
				ASSETCATALOG_COMPILER_APPICON_NAME = AppIcon;
				ASSETCATALOG_COMPILER_GLOBAL_ACCENT_COLOR_NAME = AccentColor;
				CODE_SIGN_STYLE = Automatic;
				CURRENT_PROJECT_VERSION = 1;
				DEVELOPMENT_TEAM = 7G2EZGEQH4;
				GENERATE_INFOPLIST_FILE = YES;
				INFOPLIST_FILE = RxSwiftDemo/Info.plist;
				INFOPLIST_KEY_UIApplicationSupportsIndirectInputEvents = YES;
				INFOPLIST_KEY_UILaunchStoryboardName = LaunchScreen;
				INFOPLIST_KEY_UIMainStoryboardFile = Main;
				INFOPLIST_KEY_UISupportedInterfaceOrientations_iPad = "UIInterfaceOrientationPortrait UIInterfaceOrientationPortraitUpsideDown UIInterfaceOrientationLandscapeLeft UIInterfaceOrientationLandscapeRight";
				INFOPLIST_KEY_UISupportedInterfaceOrientations_iPhone = "UIInterfaceOrientationPortrait UIInterfaceOrientationLandscapeLeft UIInterfaceOrientationLandscapeRight";
				LD_RUNPATH_SEARCH_PATHS = (
					"$(inherited)",
					"@executable_path/Frameworks",
				);
				MARKETING_VERSION = 1.0;
				PRODUCT_BUNDLE_IDENTIFIER = com.woolworths.RxSwiftDemo;
				PRODUCT_NAME = "$(TARGET_NAME)";
				SWIFT_EMIT_LOC_STRINGS = YES;
				SWIFT_VERSION = 5.0;
				TARGETED_DEVICE_FAMILY = "1,2";
			};
			name = Debug;
		};
		ABD5EFEB27D1792A005412CC /* Release */ = {
			isa = XCBuildConfiguration;
			buildSettings = {
				ASSETCATALOG_COMPILER_APPICON_NAME = AppIcon;
				ASSETCATALOG_COMPILER_GLOBAL_ACCENT_COLOR_NAME = AccentColor;
				CODE_SIGN_STYLE = Automatic;
				CURRENT_PROJECT_VERSION = 1;
				DEVELOPMENT_TEAM = 7G2EZGEQH4;
				GENERATE_INFOPLIST_FILE = YES;
				INFOPLIST_FILE = RxSwiftDemo/Info.plist;
				INFOPLIST_KEY_UIApplicationSupportsIndirectInputEvents = YES;
				INFOPLIST_KEY_UILaunchStoryboardName = LaunchScreen;
				INFOPLIST_KEY_UIMainStoryboardFile = Main;
				INFOPLIST_KEY_UISupportedInterfaceOrientations_iPad = "UIInterfaceOrientationPortrait UIInterfaceOrientationPortraitUpsideDown UIInterfaceOrientationLandscapeLeft UIInterfaceOrientationLandscapeRight";
				INFOPLIST_KEY_UISupportedInterfaceOrientations_iPhone = "UIInterfaceOrientationPortrait UIInterfaceOrientationLandscapeLeft UIInterfaceOrientationLandscapeRight";
				LD_RUNPATH_SEARCH_PATHS = (
					"$(inherited)",
					"@executable_path/Frameworks",
				);
				MARKETING_VERSION = 1.0;
				PRODUCT_BUNDLE_IDENTIFIER = com.woolworths.RxSwiftDemo;
				PRODUCT_NAME = "$(TARGET_NAME)";
				SWIFT_EMIT_LOC_STRINGS = YES;
				SWIFT_VERSION = 5.0;
				TARGETED_DEVICE_FAMILY = "1,2";
			};
			name = Release;
		};
		ABD5EFED27D1792A005412CC /* Debug */ = {
			isa = XCBuildConfiguration;
			buildSettings = {
				ALWAYS_EMBED_SWIFT_STANDARD_LIBRARIES = YES;
				BUNDLE_LOADER = "$(TEST_HOST)";
				CODE_SIGN_STYLE = Automatic;
				CURRENT_PROJECT_VERSION = 1;
				DEVELOPMENT_TEAM = 7G2EZGEQH4;
				GENERATE_INFOPLIST_FILE = YES;
				IPHONEOS_DEPLOYMENT_TARGET = 15.2;
				MARKETING_VERSION = 1.0;
				PRODUCT_BUNDLE_IDENTIFIER = com.woolworths.RxSwiftDemoTests;
				PRODUCT_NAME = "$(TARGET_NAME)";
				SWIFT_EMIT_LOC_STRINGS = NO;
				SWIFT_VERSION = 5.0;
				TARGETED_DEVICE_FAMILY = "1,2";
				TEST_HOST = "$(BUILT_PRODUCTS_DIR)/RxSwiftDemo.app/RxSwiftDemo";
			};
			name = Debug;
		};
		ABD5EFEE27D1792A005412CC /* Release */ = {
			isa = XCBuildConfiguration;
			buildSettings = {
				ALWAYS_EMBED_SWIFT_STANDARD_LIBRARIES = YES;
				BUNDLE_LOADER = "$(TEST_HOST)";
				CODE_SIGN_STYLE = Automatic;
				CURRENT_PROJECT_VERSION = 1;
				DEVELOPMENT_TEAM = 7G2EZGEQH4;
				GENERATE_INFOPLIST_FILE = YES;
				IPHONEOS_DEPLOYMENT_TARGET = 15.2;
				MARKETING_VERSION = 1.0;
				PRODUCT_BUNDLE_IDENTIFIER = com.woolworths.RxSwiftDemoTests;
				PRODUCT_NAME = "$(TARGET_NAME)";
				SWIFT_EMIT_LOC_STRINGS = NO;
				SWIFT_VERSION = 5.0;
				TARGETED_DEVICE_FAMILY = "1,2";
				TEST_HOST = "$(BUILT_PRODUCTS_DIR)/RxSwiftDemo.app/RxSwiftDemo";
			};
			name = Release;
		};
		ABD5EFF027D1792A005412CC /* Debug */ = {
			isa = XCBuildConfiguration;
			buildSettings = {
				ALWAYS_EMBED_SWIFT_STANDARD_LIBRARIES = YES;
				CODE_SIGN_STYLE = Automatic;
				CURRENT_PROJECT_VERSION = 1;
				DEVELOPMENT_TEAM = 7G2EZGEQH4;
				GENERATE_INFOPLIST_FILE = YES;
				MARKETING_VERSION = 1.0;
				PRODUCT_BUNDLE_IDENTIFIER = com.woolworths.RxSwiftDemoUITests;
				PRODUCT_NAME = "$(TARGET_NAME)";
				SWIFT_EMIT_LOC_STRINGS = NO;
				SWIFT_VERSION = 5.0;
				TARGETED_DEVICE_FAMILY = "1,2";
				TEST_TARGET_NAME = RxSwiftDemo;
			};
			name = Debug;
		};
		ABD5EFF127D1792A005412CC /* Release */ = {
			isa = XCBuildConfiguration;
			buildSettings = {
				ALWAYS_EMBED_SWIFT_STANDARD_LIBRARIES = YES;
				CODE_SIGN_STYLE = Automatic;
				CURRENT_PROJECT_VERSION = 1;
				DEVELOPMENT_TEAM = 7G2EZGEQH4;
				GENERATE_INFOPLIST_FILE = YES;
				MARKETING_VERSION = 1.0;
				PRODUCT_BUNDLE_IDENTIFIER = com.woolworths.RxSwiftDemoUITests;
				PRODUCT_NAME = "$(TARGET_NAME)";
				SWIFT_EMIT_LOC_STRINGS = NO;
				SWIFT_VERSION = 5.0;
				TARGETED_DEVICE_FAMILY = "1,2";
				TEST_TARGET_NAME = RxSwiftDemo;
			};
			name = Release;
		};
/* End XCBuildConfiguration section */

/* Begin XCConfigurationList section */
		ABD5EFBA27D17929005412CC /* Build configuration list for PBXProject "RxSwiftDemo" */ = {
			isa = XCConfigurationList;
			buildConfigurations = (
				ABD5EFE727D1792A005412CC /* Debug */,
				ABD5EFE827D1792A005412CC /* Release */,
			);
			defaultConfigurationIsVisible = 0;
			defaultConfigurationName = Release;
		};
		ABD5EFE927D1792A005412CC /* Build configuration list for PBXNativeTarget "RxSwiftDemo" */ = {
			isa = XCConfigurationList;
			buildConfigurations = (
				ABD5EFEA27D1792A005412CC /* Debug */,
				ABD5EFEB27D1792A005412CC /* Release */,
			);
			defaultConfigurationIsVisible = 0;
			defaultConfigurationName = Release;
		};
		ABD5EFEC27D1792A005412CC /* Build configuration list for PBXNativeTarget "RxSwiftDemoTests" */ = {
			isa = XCConfigurationList;
			buildConfigurations = (
				ABD5EFED27D1792A005412CC /* Debug */,
				ABD5EFEE27D1792A005412CC /* Release */,
			);
			defaultConfigurationIsVisible = 0;
			defaultConfigurationName = Release;
		};
		ABD5EFEF27D1792A005412CC /* Build configuration list for PBXNativeTarget "RxSwiftDemoUITests" */ = {
			isa = XCConfigurationList;
			buildConfigurations = (
				ABD5EFF027D1792A005412CC /* Debug */,
				ABD5EFF127D1792A005412CC /* Release */,
			);
			defaultConfigurationIsVisible = 0;
			defaultConfigurationName = Release;
		};
/* End XCConfigurationList section */
	};
	rootObject = ABD5EFB727D17929005412CC /* Project object */;
}
